
Microsoft Visual Studio Solution File, Format Version 12.00
# Visual Studio Version 16
VisualStudioVersion = 16.0.29519.181
MinimumVisualStudioVersion = 10.0.40219.1
Project("{FAE04EC0-301F-11D3-BF4B-00C04F79EFBC}") = "CsharpCode", "CsharpCode\CsharpCode.csproj", "{B8DFB8A9-8D07-4D3A-8064-0400C9AD190A}"
EndProject
Global
	GlobalSection(SolutionConfigurationPlatforms) = preSolution
		Debug|Any CPU = Debug|Any CPU
		Release|Any CPU = Release|Any CPU
	EndGlobalSection
	GlobalSection(ProjectConfigurationPlatforms) = postSolution
		{B8DFB8A9-8D07-4D3A-8064-0400C9AD190A}.Debug|Any CPU.ActiveCfg = Debug|Any CPU
		{B8DFB8A9-8D07-4D3A-8064-0400C9AD190A}.Debug|Any CPU.Build.0 = Debug|Any CPU
		{B8DFB8A9-8D07-4D3A-8064-0400C9AD190A}.Release|Any CPU.ActiveCfg = Release|Any CPU
		{B8DFB8A9-8D07-4D3A-8064-0400C9AD190A}.Release|Any CPU.Build.0 = Release|Any CPU
	EndGlobalSection
	GlobalSection(SolutionProperties) = preSolution
		HideSolutionNode = FALSE
	EndGlobalSection
	GlobalSection(ExtensibilityGlobals) = postSolution
		SolutionGuid = {1EFBFB6D-0858-4D1D-A020-EA985ECBC979}
	EndGlobalSection
EndGlobal
